{
  "name": "iticket_pgadmin",
  "version": "1.0.0",
  "lockfileVersion": 3,
  "requires": true,
  "packages": {
    "": {
      "name": "iticket_pgadmin",
      "version": "1.0.0",
      "license": "ISC",
      "dependencies": {
        "espress": "^0.0.0"
      }
    },
    "node_modules/espress": {
      "version": "0.0.0",
      "resolved": "https://registry.npmjs.org/espress/-/espress-0.0.0.tgz",
      "integrity": "sha512-A0J9eUTWwqj/vaBgZUBaKwrre8TNR2OZIJu0mcVOWCMBUgKB6TTbTTHXeMhkNQw2KytxQxk3eMy4I3C3AG2GOQ=="
    }
  }
}
